
Microsoft Visual Studio Solution File, Format Version 12.00
# Visual Studio 15
VisualStudioVersion = 15.0.27703.2042
MinimumVisualStudioVersion = 10.0.40219.1
Project("{8BC9CEB8-8B4A-11D0-8D11-00A0C91BC942}") = "496C", "496C\496C.vcxproj", "{4C071248-032D-4245-9D34-CED7E643CA73}"
EndProject
Global
	GlobalSection(SolutionConfigurationPlatforms) = preSolution
		Debug|x64 = Debug|x64
		Debug|x86 = Debug|x86
		Release|x64 = Release|x64
		Release|x86 = Release|x86
	EndGlobalSection
	GlobalSection(ProjectConfigurationPlatforms) = postSolution
		{4C071248-032D-4245-9D34-CED7E643CA73}.Debug|x64.ActiveCfg = Debug|x64
		{4C071248-032D-4245-9D34-CED7E643CA73}.Debug|x64.Build.0 = Debug|x64
		{4C071248-032D-4245-9D34-CED7E643CA73}.Debug|x86.ActiveCfg = Debug|Win32
		{4C071248-032D-4245-9D34-CED7E643CA73}.Debug|x86.Build.0 = Debug|Win32
		{4C071248-032D-4245-9D34-CED7E643CA73}.Release|x64.ActiveCfg = Release|x64
		{4C071248-032D-4245-9D34-CED7E643CA73}.Release|x64.Build.0 = Release|x64
		{4C071248-032D-4245-9D34-CED7E643CA73}.Release|x86.ActiveCfg = Release|Win32
		{4C071248-032D-4245-9D34-CED7E643CA73}.Release|x86.Build.0 = Release|Win32
	EndGlobalSection
	GlobalSection(SolutionProperties) = preSolution
		HideSolutionNode = FALSE
	EndGlobalSection
	GlobalSection(ExtensibilityGlobals) = postSolution
		SolutionGuid = {9B76793F-556C-416A-B0B9-B3B9B37853A4}
	EndGlobalSection
EndGlobal
